// !$*UTF8*$!
{
	archiveVersion = 1;
	classes = {
	};
	objectVersion = 50;
	objects = {

/* Begin PBXBuildFile section */
		BF35F77123464C3F00EF9BB8 /* AppDelegate.swift in Sources */ = {isa = PBXBuildFile; fileRef = BF35F77023464C3F00EF9BB8 /* AppDelegate.swift */; };
		BF35F77323464C3F00EF9BB8 /* ViewController.swift in Sources */ = {isa = PBXBuildFile; fileRef = BF35F77223464C3F00EF9BB8 /* ViewController.swift */; };
		BF35F77623464C3F00EF9BB8 /* Main.storyboard in Resources */ = {isa = PBXBuildFile; fileRef = BF35F77423464C3F00EF9BB8 /* Main.storyboard */; };
		BF35F77823464C4100EF9BB8 /* Assets.xcassets in Resources */ = {isa = PBXBuildFile; fileRef = BF35F77723464C4100EF9BB8 /* Assets.xcassets */; };
		BF35F77B23464C4100EF9BB8 /* LaunchScreen.storyboard in Resources */ = {isa = PBXBuildFile; fileRef = BF35F77923464C4100EF9BB8 /* LaunchScreen.storyboard */; };
		BF35F78623464C4100EF9BB8 /* MoneyVulcanoTests.swift in Sources */ = {isa = PBXBuildFile; fileRef = BF35F78523464C4100EF9BB8 /* MoneyVulcanoTests.swift */; };
		BF35F79123464C4100EF9BB8 /* MoneyVulcanoUITests.swift in Sources */ = {isa = PBXBuildFile; fileRef = BF35F79023464C4100EF9BB8 /* MoneyVulcanoUITests.swift */; };
/* End PBXBuildFile section */

/* Begin PBXContainerItemProxy section */
		BF35F78223464C4100EF9BB8 /* PBXContainerItemProxy */ = {
			isa = PBXContainerItemProxy;
			containerPortal = BF35F76523464C3F00EF9BB8 /* Project object */;
			proxyType = 1;
			remoteGlobalIDString = BF35F76C23464C3F00EF9BB8;
			remoteInfo = MoneyVulcano;
		};
		BF35F78D23464C4100EF9BB8 /* PBXContainerItemProxy */ = {
			isa = PBXContainerItemProxy;
			containerPortal = BF35F76523464C3F00EF9BB8 /* Project object */;
			proxyType = 1;
			remoteGlobalIDString = BF35F76C23464C3F00EF9BB8;
			remoteInfo = MoneyVulcano;
		};
/* End PBXContainerItemProxy section */

/* Begin PBXFileReference section */
		BF35F76D23464C3F00EF9BB8 /* MoneyVulcano.app */ = {isa = PBXFileReference; explicitFileType = wrapper.application; includeInIndex = 0; path = MoneyVulcano.app; sourceTree = BUILT_PRODUCTS_DIR; };
		BF35F77023464C3F00EF9BB8 /* AppDelegate.swift */ = {isa = PBXFileReference; lastKnownFileType = sourcecode.swift; path = AppDelegate.swift; sourceTree = "<group>"; };
		BF35F77223464C3F00EF9BB8 /* ViewController.swift */ = {isa = PBXFileReference; lastKnownFileType = sourcecode.swift; path = ViewController.swift; sourceTree = "<group>"; };
		BF35F77523464C3F00EF9BB8 /* Base */ = {isa = PBXFileReference; lastKnownFileType = file.storyboard; name = Base; path = Base.lproj/Main.storyboard; sourceTree = "<group>"; };
		BF35F77723464C4100EF9BB8 /* Assets.xcassets */ = {isa = PBXFileReference; lastKnownFileType = folder.assetcatalog; path = Assets.xcassets; sourceTree = "<group>"; };
		BF35F77A23464C4100EF9BB8 /* Base */ = {isa = PBXFileReference; lastKnownFileType = file.storyboard; name = Base; path = Base.lproj/LaunchScreen.storyboard; sourceTree = "<group>"; };
		BF35F77C23464C4100EF9BB8 /* Info.plist */ = {isa = PBXFileReference; lastKnownFileType = text.plist.xml; path = Info.plist; sourceTree = "<group>"; };
		BF35F78123464C4100EF9BB8 /* MoneyVulcanoTests.xctest */ = {isa = PBXFileReference; explicitFileType = wrapper.cfbundle; includeInIndex = 0; path = MoneyVulcanoTests.xctest; sourceTree = BUILT_PRODUCTS_DIR; };
		BF35F78523464C4100EF9BB8 /* MoneyVulcanoTests.swift */ = {isa = PBXFileReference; lastKnownFileType = sourcecode.swift; path = MoneyVulcanoTests.swift; sourceTree = "<group>"; };
		BF35F78723464C4100EF9BB8 /* Info.plist */ = {isa = PBXFileReference; lastKnownFileType = text.plist.xml; path = Info.plist; sourceTree = "<group>"; };
		BF35F78C23464C4100EF9BB8 /* MoneyVulcanoUITests.xctest */ = {isa = PBXFileReference; explicitFileType = wrapper.cfbundle; includeInIndex = 0; path = MoneyVulcanoUITests.xctest; sourceTree = BUILT_PRODUCTS_DIR; };
		BF35F79023464C4100EF9BB8 /* MoneyVulcanoUITests.swift */ = {isa = PBXFileReference; lastKnownFileType = sourcecode.swift; path = MoneyVulcanoUITests.swift; sourceTree = "<group>"; };
		BF35F79223464C4100EF9BB8 /* Info.plist */ = {isa = PBXFileReference; lastKnownFileType = text.plist.xml; path = Info.plist; sourceTree = "<group>"; };
/* End PBXFileReference section */

/* Begin PBXFrameworksBuildPhase section */
		BF35F76A23464C3F00EF9BB8 /* Frameworks */ = {
			isa = PBXFrameworksBuildPhase;
			buildActionMask = 2147483647;
			files = (
			);
			runOnlyForDeploymentPostprocessing = 0;
		};
		BF35F77E23464C4100EF9BB8 /* Frameworks */ = {
			isa = PBXFrameworksBuildPhase;
			buildActionMask = 2147483647;
			files = (
			);
			runOnlyForDeploymentPostprocessing = 0;
		};
		BF35F78923464C4100EF9BB8 /* Frameworks */ = {
			isa = PBXFrameworksBuildPhase;
			buildActionMask = 2147483647;
			files = (
			);
			runOnlyForDeploymentPostprocessing = 0;
		};
/* End PBXFrameworksBuildPhase section */

/* Begin PBXGroup section */
		BF35F76423464C3F00EF9BB8 = {
			isa = PBXGroup;
			children = (
				BF35F76F23464C3F00EF9BB8 /* MoneyVulcano */,
				BF35F78423464C4100EF9BB8 /* MoneyVulcanoTests */,
				BF35F78F23464C4100EF9BB8 /* MoneyVulcanoUITests */,
				BF35F76E23464C3F00EF9BB8 /* Products */,
			);
			sourceTree = "<group>";
		};
		BF35F76E23464C3F00EF9BB8 /* Products */ = {
			isa = PBXGroup;
			children = (
				BF35F76D23464C3F00EF9BB8 /* MoneyVulcano.app */,
				BF35F78123464C4100EF9BB8 /* MoneyVulcanoTests.xctest */,
				BF35F78C23464C4100EF9BB8 /* MoneyVulcanoUITests.xctest */,
			);
			name = Products;
			sourceTree = "<group>";
		};
		BF35F76F23464C3F00EF9BB8 /* MoneyVulcano */ = {
			isa = PBXGroup;
			children = (
				BF35F77023464C3F00EF9BB8 /* AppDelegate.swift */,
				BF35F77223464C3F00EF9BB8 /* ViewController.swift */,
				BF35F77423464C3F00EF9BB8 /* Main.storyboard */,
				BF35F77723464C4100EF9BB8 /* Assets.xcassets */,
				BF35F77923464C4100EF9BB8 /* LaunchScreen.storyboard */,
				BF35F77C23464C4100EF9BB8 /* Info.plist */,
			);
			path = MoneyVulcano;
			sourceTree = "<group>";
		};
		BF35F78423464C4100EF9BB8 /* MoneyVulcanoTests */ = {
			isa = PBXGroup;
			children = (
				BF35F78523464C4100EF9BB8 /* MoneyVulcanoTests.swift */,
				BF35F78723464C4100EF9BB8 /* Info.plist */,
			);
			path = MoneyVulcanoTests;
			sourceTree = "<group>";
		};
		BF35F78F23464C4100EF9BB8 /* MoneyVulcanoUITests */ = {
			isa = PBXGroup;
			children = (
				BF35F79023464C4100EF9BB8 /* MoneyVulcanoUITests.swift */,
				BF35F79223464C4100EF9BB8 /* Info.plist */,
			);
			path = MoneyVulcanoUITests;
			sourceTree = "<group>";
		};
/* End PBXGroup section */

/* Begin PBXNativeTarget section */
		BF35F76C23464C3F00EF9BB8 /* MoneyVulcano */ = {
			isa = PBXNativeTarget;
			buildConfigurationList = BF35F79523464C4100EF9BB8 /* Build configuration list for PBXNativeTarget "MoneyVulcano" */;
			buildPhases = (
				BF35F76923464C3F00EF9BB8 /* Sources */,
				BF35F76A23464C3F00EF9BB8 /* Frameworks */,
				BF35F76B23464C3F00EF9BB8 /* Resources */,
			);
			buildRules = (
			);
			dependencies = (
			);
			name = MoneyVulcano;
			productName = MoneyVulcano;
			productReference = BF35F76D23464C3F00EF9BB8 /* MoneyVulcano.app */;
			productType = "com.apple.product-type.application";
		};
		BF35F78023464C4100EF9BB8 /* MoneyVulcanoTests */ = {
			isa = PBXNativeTarget;
			buildConfigurationList = BF35F79823464C4100EF9BB8 /* Build configuration list for PBXNativeTarget "MoneyVulcanoTests" */;
			buildPhases = (
				BF35F77D23464C4100EF9BB8 /* Sources */,
				BF35F77E23464C4100EF9BB8 /* Frameworks */,
				BF35F77F23464C4100EF9BB8 /* Resources */,
			);
			buildRules = (
			);
			dependencies = (
				BF35F78323464C4100EF9BB8 /* PBXTargetDependency */,
			);
			name = MoneyVulcanoTests;
			productName = MoneyVulcanoTests;
			productReference = BF35F78123464C4100EF9BB8 /* MoneyVulcanoTests.xctest */;
			productType = "com.apple.product-type.bundle.unit-test";
		};
		BF35F78B23464C4100EF9BB8 /* MoneyVulcanoUITests */ = {
			isa = PBXNativeTarget;
			buildConfigurationList = BF35F79B23464C4100EF9BB8 /* Build configuration list for PBXNativeTarget "MoneyVulcanoUITests" */;
			buildPhases = (
				BF35F78823464C4100EF9BB8 /* Sources */,
				BF35F78923464C4100EF9BB8 /* Frameworks */,
				BF35F78A23464C4100EF9BB8 /* Resources */,
			);
			buildRules = (
			);
			dependencies = (
				BF35F78E23464C4100EF9BB8 /* PBXTargetDependency */,
			);
			name = MoneyVulcanoUITests;
			productName = MoneyVulcanoUITests;
			productReference = BF35F78C23464C4100EF9BB8 /* MoneyVulcanoUITests.xctest */;
			productType = "com.apple.product-type.bundle.ui-testing";
		};
/* End PBXNativeTarget section */

/* Begin PBXProject section */
		BF35F76523464C3F00EF9BB8 /* Project object */ = {
			isa = PBXProject;
			attributes = {
				LastSwiftUpdateCheck = 1030;
				LastUpgradeCheck = 1030;
				ORGANIZATIONNAME = "Roman Inc.";
				TargetAttributes = {
					BF35F76C23464C3F00EF9BB8 = {
						CreatedOnToolsVersion = 10.3;
					};
					BF35F78023464C4100EF9BB8 = {
						CreatedOnToolsVersion = 10.3;
						TestTargetID = BF35F76C23464C3F00EF9BB8;
					};
					BF35F78B23464C4100EF9BB8 = {
						CreatedOnToolsVersion = 10.3;
						TestTargetID = BF35F76C23464C3F00EF9BB8;
					};
				};
			};
			buildConfigurationList = BF35F76823464C3F00EF9BB8 /* Build configuration list for PBXProject "MoneyVulcano" */;
			compatibilityVersion = "Xcode 9.3";
			developmentRegion = en;
			hasScannedForEncodings = 0;
			knownRegions = (
				en,
				Base,
			);
			mainGroup = BF35F76423464C3F00EF9BB8;
			productRefGroup = BF35F76E23464C3F00EF9BB8 /* Products */;
			projectDirPath = "";
			projectRoot = "";
			targets = (
				BF35F76C23464C3F00EF9BB8 /* MoneyVulcano */,
				BF35F78023464C4100EF9BB8 /* MoneyVulcanoTests */,
				BF35F78B23464C4100EF9BB8 /* MoneyVulcanoUITests */,
			);
		};
/* End PBXProject section */

/* Begin PBXResourcesBuildPhase section */
		BF35F76B23464C3F00EF9BB8 /* Resources */ = {
			isa = PBXResourcesBuildPhase;
			buildActionMask = 2147483647;
			files = (
				BF35F77B23464C4100EF9BB8 /* LaunchScreen.storyboard in Resources */,
				BF35F77823464C4100EF9BB8 /* Assets.xcassets in Resources */,
				BF35F77623464C3F00EF9BB8 /* Main.storyboard in Resources */,
			);
			runOnlyForDeploymentPostprocessing = 0;
		};
		BF35F77F23464C4100EF9BB8 /* Resources */ = {
			isa = PBXResourcesBuildPhase;
			buildActionMask = 2147483647;
			files = (
			);
			runOnlyForDeploymentPostprocessing = 0;
		};
		BF35F78A23464C4100EF9BB8 /* Resources */ = {
			isa = PBXResourcesBuildPhase;
			buildActionMask = 2147483647;
			files = (
			);
			runOnlyForDeploymentPostprocessing = 0;
		};
/* End PBXResourcesBuildPhase section */

/* Begin PBXSourcesBuildPhase section */
		BF35F76923464C3F00EF9BB8 /* Sources */ = {
			isa = PBXSourcesBuildPhase;
			buildActionMask = 2147483647;
			files = (
				BF35F77323464C3F00EF9BB8 /* ViewController.swift in Sources */,
				BF35F77123464C3F00EF9BB8 /* AppDelegate.swift in Sources */,
			);
			runOnlyForDeploymentPostprocessing = 0;
		};
		BF35F77D23464C4100EF9BB8 /* Sources */ = {
			isa = PBXSourcesBuildPhase;
			buildActionMask = 2147483647;
			files = (
				BF35F78623464C4100EF9BB8 /* MoneyVulcanoTests.swift in Sources */,
			);
			runOnlyForDeploymentPostprocessing = 0;
		};
		BF35F78823464C4100EF9BB8 /* Sources */ = {
			isa = PBXSourcesBuildPhase;
			buildActionMask = 2147483647;
			files = (
				BF35F79123464C4100EF9BB8 /* MoneyVulcanoUITests.swift in Sources */,
			);
			runOnlyForDeploymentPostprocessing = 0;
		};
/* End PBXSourcesBuildPhase section */

/* Begin PBXTargetDependency section */
		BF35F78323464C4100EF9BB8 /* PBXTargetDependency */ = {
			isa = PBXTargetDependency;
			target = BF35F76C23464C3F00EF9BB8 /* MoneyVulcano */;
			targetProxy = BF35F78223464C4100EF9BB8 /* PBXContainerItemProxy */;
		};
		BF35F78E23464C4100EF9BB8 /* PBXTargetDependency */ = {
			isa = PBXTargetDependency;
			target = BF35F76C23464C3F00EF9BB8 /* MoneyVulcano */;
			targetProxy = BF35F78D23464C4100EF9BB8 /* PBXContainerItemProxy */;
		};
/* End PBXTargetDependency section */

/* Begin PBXVariantGroup section */
		BF35F77423464C3F00EF9BB8 /* Main.storyboard */ = {
			isa = PBXVariantGroup;
			children = (
				BF35F77523464C3F00EF9BB8 /* Base */,
			);
			name = Main.storyboard;
			sourceTree = "<group>";
		};
		BF35F77923464C4100EF9BB8 /* LaunchScreen.storyboard */ = {
			isa = PBXVariantGroup;
			children = (
				BF35F77A23464C4100EF9BB8 /* Base */,
			);
			name = LaunchScreen.storyboard;
			sourceTree = "<group>";
		};
/* End PBXVariantGroup section */

/* Begin XCBuildConfiguration section */
		BF35F79323464C4100EF9BB8 /* Debug */ = {
			isa = XCBuildConfiguration;
			buildSettings = {
				ALWAYS_SEARCH_USER_PATHS = NO;
				CLANG_ANALYZER_NONNULL = YES;
				CLANG_ANALYZER_NUMBER_OBJECT_CONVERSION = YES_AGGRESSIVE;
				CLANG_CXX_LANGUAGE_STANDARD = "gnu++14";
				CLANG_CXX_LIBRARY = "libc++";
				CLANG_ENABLE_MODULES = YES;
				CLANG_ENABLE_OBJC_ARC = YES;
				CLANG_ENABLE_OBJC_WEAK = YES;
				CLANG_WARN_BLOCK_CAPTURE_AUTORELEASING = YES;
				CLANG_WARN_BOOL_CONVERSION = YES;
				CLANG_WARN_COMMA = YES;
				CLANG_WARN_CONSTANT_CONVERSION = YES;
				CLANG_WARN_DEPRECATED_OBJC_IMPLEMENTATIONS = YES;
				CLANG_WARN_DIRECT_OBJC_ISA_USAGE = YES_ERROR;
				CLANG_WARN_DOCUMENTATION_COMMENTS = YES;
				CLANG_WARN_EMPTY_BODY = YES;
				CLANG_WARN_ENUM_CONVERSION = YES;
				CLANG_WARN_INFINITE_RECURSION = YES;
				CLANG_WARN_INT_CONVERSION = YES;
				CLANG_WARN_NON_LITERAL_NULL_CONVERSION = YES;
				CLANG_WARN_OBJC_IMPLICIT_RETAIN_SELF = YES;
				CLANG_WARN_OBJC_LITERAL_CONVERSION = YES;
				CLANG_WARN_OBJC_ROOT_CLASS = YES_ERROR;
				CLANG_WARN_RANGE_LOOP_ANALYSIS = YES;
				CLANG_WARN_STRICT_PROTOTYPES = YES;
				CLANG_WARN_SUSPICIOUS_MOVE = YES;
				CLANG_WARN_UNGUARDED_AVAILABILITY = YES_AGGRESSIVE;
				CLANG_WARN_UNREACHABLE_CODE = YES;
				CLANG_WARN__DUPLICATE_METHOD_MATCH = YES;
				CODE_SIGN_IDENTITY = "iPhone Developer";
				COPY_PHASE_STRIP = NO;
				DEBUG_INFORMATION_FORMAT = dwarf;
				ENABLE_STRICT_OBJC_MSGSEND = YES;
				ENABLE_TESTABILITY = YES;
				GCC_C_LANGUAGE_STANDARD = gnu11;
				GCC_DYNAMIC_NO_PIC = NO;
				GCC_NO_COMMON_BLOCKS = YES;
				GCC_OPTIMIZATION_LEVEL = 0;
				GCC_PREPROCESSOR_DEFINITIONS = (
					"DEBUG=1",
					"$(inherited)",
				);
				GCC_WARN_64_TO_32_BIT_CONVERSION = YES;
				GCC_WARN_ABOUT_RETURN_TYPE = YES_ERROR;
				GCC_WARN_UNDECLARED_SELECTOR = YES;
				GCC_WARN_UNINITIALIZED_AUTOS = YES_AGGRESSIVE;
				GCC_WARN_UNUSED_FUNCTION = YES;
				GCC_WARN_UNUSED_VARIABLE = YES;
				IPHONEOS_DEPLOYMENT_TARGET = 12.4;
				MTL_ENABLE_DEBUG_INFO = INCLUDE_SOURCE;
				MTL_FAST_MATH = YES;
				ONLY_ACTIVE_ARCH = YES;
				SDKROOT = iphoneos;
				SWIFT_ACTIVE_COMPILATION_CONDITIONS = DEBUG;
				SWIFT_OPTIMIZATION_LEVEL = "-Onone";
			};
			name = Debug;
		};
		BF35F79423464C4100EF9BB8 /* Release */ = {
			isa = XCBuildConfiguration;
			buildSettings = {
				ALWAYS_SEARCH_USER_PATHS = NO;
				CLANG_ANALYZER_NONNULL = YES;
				CLANG_ANALYZER_NUMBER_OBJECT_CONVERSION = YES_AGGRESSIVE;
				CLANG_CXX_LANGUAGE_STANDARD = "gnu++14";
				CLANG_CXX_LIBRARY = "libc++";
				CLANG_ENABLE_MODULES = YES;
				CLANG_ENABLE_OBJC_ARC = YES;
				CLANG_ENABLE_OBJC_WEAK = YES;
				CLANG_WARN_BLOCK_CAPTURE_AUTORELEASING = YES;
				CLANG_WARN_BOOL_CONVERSION = YES;
				CLANG_WARN_COMMA = YES;
				CLANG_WARN_CONSTANT_CONVERSION = YES;
				CLANG_WARN_DEPRECATED_OBJC_IMPLEMENTATIONS = YES;
				CLANG_WARN_DIRECT_OBJC_ISA_USAGE = YES_ERROR;
				CLANG_WARN_DOCUMENTATION_COMMENTS = YES;
				CLANG_WARN_EMPTY_BODY = YES;
				CLANG_WARN_ENUM_CONVERSION = YES;
				CLANG_WARN_INFINITE_RECURSION = YES;
				CLANG_WARN_INT_CONVERSION = YES;
				CLANG_WARN_NON_LITERAL_NULL_CONVERSION = YES;
				CLANG_WARN_OBJC_IMPLICIT_RETAIN_SELF = YES;
				CLANG_WARN_OBJC_LITERAL_CONVERSION = YES;
				CLANG_WARN_OBJC_ROOT_CLASS = YES_ERROR;
				CLANG_WARN_RANGE_LOOP_ANALYSIS = YES;
				CLANG_WARN_STRICT_PROTOTYPES = YES;
				CLANG_WARN_SUSPICIOUS_MOVE = YES;
				CLANG_WARN_UNGUARDED_AVAILABILITY = YES_AGGRESSIVE;
				CLANG_WARN_UNREACHABLE_CODE = YES;
				CLANG_WARN__DUPLICATE_METHOD_MATCH = YES;
				CODE_SIGN_IDENTITY = "iPhone Developer";
				COPY_PHASE_STRIP = NO;
				DEBUG_INFORMATION_FORMAT = "dwarf-with-dsym";
				ENABLE_NS_ASSERTIONS = NO;
				ENABLE_STRICT_OBJC_MSGSEND = YES;
				GCC_C_LANGUAGE_STANDARD = gnu11;
				GCC_NO_COMMON_BLOCKS = YES;
				GCC_WARN_64_TO_32_BIT_CONVERSION = YES;
				GCC_WARN_ABOUT_RETURN_TYPE = YES_ERROR;
				GCC_WARN_UNDECLARED_SELECTOR = YES;
				GCC_WARN_UNINITIALIZED_AUTOS = YES_AGGRESSIVE;
				GCC_WARN_UNUSED_FUNCTION = YES;
				GCC_WARN_UNUSED_VARIABLE = YES;
				IPHONEOS_DEPLOYMENT_TARGET = 12.4;
				MTL_ENABLE_DEBUG_INFO = NO;
				MTL_FAST_MATH = YES;
				SDKROOT = iphoneos;
				SWIFT_COMPILATION_MODE = wholemodule;
				SWIFT_OPTIMIZATION_LEVEL = "-O";
				VALIDATE_PRODUCT = YES;
			};
			name = Release;
		};
		BF35F79623464C4100EF9BB8 /* Debug */ = {
			isa = XCBuildConfiguration;
			buildSettings = {
				ASSETCATALOG_COMPILER_APPICON_NAME = AppIcon;
				CODE_SIGN_STYLE = Automatic;
				INFOPLIST_FILE = MoneyVulcano/Info.plist;
				LD_RUNPATH_SEARCH_PATHS = (
					"$(inherited)",
					"@executable_path/Frameworks",
				);
				PRODUCT_BUNDLE_IDENTIFIER = com.roman.MoneyVulcano;
				PRODUCT_NAME = "$(TARGET_NAME)";
				SWIFT_VERSION = 5.0;
				TARGETED_DEVICE_FAMILY = "1,2";
			};
			name = Debug;
		};
		BF35F79723464C4100EF9BB8 /* Release */ = {
			isa = XCBuildConfiguration;
			buildSettings = {
				ASSETCATALOG_COMPILER_APPICON_NAME = AppIcon;
				CODE_SIGN_STYLE = Automatic;
				INFOPLIST_FILE = MoneyVulcano/Info.plist;
				LD_RUNPATH_SEARCH_PATHS = (
					"$(inherited)",
					"@executable_path/Frameworks",
				);
				PRODUCT_BUNDLE_IDENTIFIER = com.roman.MoneyVulcano;
				PRODUCT_NAME = "$(TARGET_NAME)";
				SWIFT_VERSION = 5.0;
				TARGETED_DEVICE_FAMILY = "1,2";
			};
			name = Release;
		};
		BF35F79923464C4100EF9BB8 /* Debug */ = {
			isa = XCBuildConfiguration;
			buildSettings = {
				ALWAYS_EMBED_SWIFT_STANDARD_LIBRARIES = YES;
				BUNDLE_LOADER = "$(TEST_HOST)";
				CODE_SIGN_STYLE = Automatic;
				INFOPLIST_FILE = MoneyVulcanoTests/Info.plist;
				LD_RUNPATH_SEARCH_PATHS = (
					"$(inherited)",
					"@executable_path/Frameworks",
					"@loader_path/Frameworks",
				);
				PRODUCT_BUNDLE_IDENTIFIER = com.roman.MoneyVulcanoTests;
				PRODUCT_NAME = "$(TARGET_NAME)";
				SWIFT_VERSION = 5.0;
				TARGETED_DEVICE_FAMILY = "1,2";
				TEST_HOST = "$(BUILT_PRODUCTS_DIR)/MoneyVulcano.app/MoneyVulcano";
			};
			name = Debug;
		};
		BF35F79A23464C4100EF9BB8 /* Release */ = {
			isa = XCBuildConfiguration;
			buildSettings = {
				ALWAYS_EMBED_SWIFT_STANDARD_LIBRARIES = YES;
				BUNDLE_LOADER = "$(TEST_HOST)";
				CODE_SIGN_STYLE = Automatic;
				INFOPLIST_FILE = MoneyVulcanoTests/Info.plist;
				LD_RUNPATH_SEARCH_PATHS = (
					"$(inherited)",
					"@executable_path/Frameworks",
					"@loader_path/Frameworks",
				);
				PRODUCT_BUNDLE_IDENTIFIER = com.roman.MoneyVulcanoTests;
				PRODUCT_NAME = "$(TARGET_NAME)";
				SWIFT_VERSION = 5.0;
				TARGETED_DEVICE_FAMILY = "1,2";
				TEST_HOST = "$(BUILT_PRODUCTS_DIR)/MoneyVulcano.app/MoneyVulcano";
			};
			name = Release;
		};
		BF35F79C23464C4100EF9BB8 /* Debug */ = {
			isa = XCBuildConfiguration;
			buildSettings = {
				ALWAYS_EMBED_SWIFT_STANDARD_LIBRARIES = YES;
				CODE_SIGN_STYLE = Automatic;
				INFOPLIST_FILE = MoneyVulcanoUITests/Info.plist;
				LD_RUNPATH_SEARCH_PATHS = (
					"$(inherited)",
					"@executable_path/Frameworks",
					"@loader_path/Frameworks",
				);
				PRODUCT_BUNDLE_IDENTIFIER = com.roman.MoneyVulcanoUITests;
				PRODUCT_NAME = "$(TARGET_NAME)";
				SWIFT_VERSION = 5.0;
				TARGETED_DEVICE_FAMILY = "1,2";
				TEST_TARGET_NAME = MoneyVulcano;
			};
			name = Debug;
		};
		BF35F79D23464C4100EF9BB8 /* Release */ = {
			isa = XCBuildConfiguration;
			buildSettings = {
				ALWAYS_EMBED_SWIFT_STANDARD_LIBRARIES = YES;
				CODE_SIGN_STYLE = Automatic;
				INFOPLIST_FILE = MoneyVulcanoUITests/Info.plist;
				LD_RUNPATH_SEARCH_PATHS = (
					"$(inherited)",
					"@executable_path/Frameworks",
					"@loader_path/Frameworks",
				);
				PRODUCT_BUNDLE_IDENTIFIER = com.roman.MoneyVulcanoUITests;
				PRODUCT_NAME = "$(TARGET_NAME)";
				SWIFT_VERSION = 5.0;
				TARGETED_DEVICE_FAMILY = "1,2";
				TEST_TARGET_NAME = MoneyVulcano;
			};
			name = Release;
		};
/* End XCBuildConfiguration section */

/* Begin XCConfigurationList section */
		BF35F76823464C3F00EF9BB8 /* Build configuration list for PBXProject "MoneyVulcano" */ = {
			isa = XCConfigurationList;
			buildConfigurations = (
				BF35F79323464C4100EF9BB8 /* Debug */,
				BF35F79423464C4100EF9BB8 /* Release */,
			);
			defaultConfigurationIsVisible = 0;
			defaultConfigurationName = Release;
		};
		BF35F79523464C4100EF9BB8 /* Build configuration list for PBXNativeTarget "MoneyVulcano" */ = {
			isa = XCConfigurationList;
			buildConfigurations = (
				BF35F79623464C4100EF9BB8 /* Debug */,
				BF35F79723464C4100EF9BB8 /* Release */,
			);
			defaultConfigurationIsVisible = 0;
			defaultConfigurationName = Release;
		};
		BF35F79823464C4100EF9BB8 /* Build configuration list for PBXNativeTarget "MoneyVulcanoTests" */ = {
			isa = XCConfigurationList;
			buildConfigurations = (
				BF35F79923464C4100EF9BB8 /* Debug */,
				BF35F79A23464C4100EF9BB8 /* Release */,
			);
			defaultConfigurationIsVisible = 0;
			defaultConfigurationName = Release;
		};
		BF35F79B23464C4100EF9BB8 /* Build configuration list for PBXNativeTarget "MoneyVulcanoUITests" */ = {
			isa = XCConfigurationList;
			buildConfigurations = (
				BF35F79C23464C4100EF9BB8 /* Debug */,
				BF35F79D23464C4100EF9BB8 /* Release */,
			);
			defaultConfigurationIsVisible = 0;
			defaultConfigurationName = Release;
		};
/* End XCConfigurationList section */
	};
	rootObject = BF35F76523464C3F00EF9BB8 /* Project object */;
}
